
Microsoft Visual Studio Solution File, Format Version 12.00
# Visual Studio Version 17
VisualStudioVersion = 17.5.33414.496
MinimumVisualStudioVersion = 10.0.40219.1
Project("{FAE04EC0-301F-11D3-BF4B-00C04F79EFBC}") = "JogoDaVelha", "JogoDaVelha\JogoDaVelha.csproj", "{E8452A25-EEA3-430D-8005-C2B4475E9311}"
EndProject
Global
	GlobalSection(SolutionConfigurationPlatforms) = preSolution
		Debug|Any CPU = Debug|Any CPU
		Release|Any CPU = Release|Any CPU
	EndGlobalSection
	GlobalSection(ProjectConfigurationPlatforms) = postSolution
		{E8452A25-EEA3-430D-8005-C2B4475E9311}.Debug|Any CPU.ActiveCfg = Debug|Any CPU
		{E8452A25-EEA3-430D-8005-C2B4475E9311}.Debug|Any CPU.Build.0 = Debug|Any CPU
		{E8452A25-EEA3-430D-8005-C2B4475E9311}.Release|Any CPU.ActiveCfg = Release|Any CPU
		{E8452A25-EEA3-430D-8005-C2B4475E9311}.Release|Any CPU.Build.0 = Release|Any CPU
	EndGlobalSection
	GlobalSection(SolutionProperties) = preSolution
		HideSolutionNode = FALSE
	EndGlobalSection
	GlobalSection(ExtensibilityGlobals) = postSolution
		SolutionGuid = {FA90D33A-3AFE-44B3-AC19-2F1914F12433}
	EndGlobalSection
EndGlobal
